// !$*UTF8*$!
{
	archiveVersion = 1;
	classes = {
	};
	objectVersion = 46;
	objects = {

/* Begin PBXBuildFile section */
		E437A01D1CC2C5F700ECA328 /* AppDelegate.swift in Sources */ = {isa = PBXBuildFile; fileRef = E437A01C1CC2C5F700ECA328 /* AppDelegate.swift */; };
		E437A01F1CC2C5F700ECA328 /* ViewController.swift in Sources */ = {isa = PBXBuildFile; fileRef = E437A01E1CC2C5F700ECA328 /* ViewController.swift */; };
		E437A0221CC2C5F700ECA328 /* Main.storyboard in Resources */ = {isa = PBXBuildFile; fileRef = E437A0201CC2C5F700ECA328 /* Main.storyboard */; };
		E437A0241CC2C5F700ECA328 /* Assets.xcassets in Resources */ = {isa = PBXBuildFile; fileRef = E437A0231CC2C5F700ECA328 /* Assets.xcassets */; };
		E437A0271CC2C5F700ECA328 /* LaunchScreen.storyboard in Resources */ = {isa = PBXBuildFile; fileRef = E437A0251CC2C5F700ECA328 /* LaunchScreen.storyboard */; };
		E437A0321CC2C5F700ECA328 /* Menlo_Hacks_2016Tests.swift in Sources */ = {isa = PBXBuildFile; fileRef = E437A0311CC2C5F700ECA328 /* Menlo_Hacks_2016Tests.swift */; };
		E437A03D1CC2C5F700ECA328 /* Menlo_Hacks_2016UITests.swift in Sources */ = {isa = PBXBuildFile; fileRef = E437A03C1CC2C5F700ECA328 /* Menlo_Hacks_2016UITests.swift */; };
/* End PBXBuildFile section */

/* Begin PBXContainerItemProxy section */
		E437A02E1CC2C5F700ECA328 /* PBXContainerItemProxy */ = {
			isa = PBXContainerItemProxy;
			containerPortal = E437A0111CC2C5F700ECA328 /* Project object */;
			proxyType = 1;
			remoteGlobalIDString = E437A0181CC2C5F700ECA328;
			remoteInfo = "Menlo Hacks 2016";
		};
		E437A0391CC2C5F700ECA328 /* PBXContainerItemProxy */ = {
			isa = PBXContainerItemProxy;
			containerPortal = E437A0111CC2C5F700ECA328 /* Project object */;
			proxyType = 1;
			remoteGlobalIDString = E437A0181CC2C5F700ECA328;
			remoteInfo = "Menlo Hacks 2016";
		};
/* End PBXContainerItemProxy section */

/* Begin PBXFileReference section */
		E437A0191CC2C5F700ECA328 /* Menlo Hacks 2016.app */ = {isa = PBXFileReference; explicitFileType = wrapper.application; includeInIndex = 0; path = "Menlo Hacks 2016.app"; sourceTree = BUILT_PRODUCTS_DIR; };
		E437A01C1CC2C5F700ECA328 /* AppDelegate.swift */ = {isa = PBXFileReference; lastKnownFileType = sourcecode.swift; path = AppDelegate.swift; sourceTree = "<group>"; };
		E437A01E1CC2C5F700ECA328 /* ViewController.swift */ = {isa = PBXFileReference; lastKnownFileType = sourcecode.swift; path = ViewController.swift; sourceTree = "<group>"; };
		E437A0211CC2C5F700ECA328 /* Base */ = {isa = PBXFileReference; lastKnownFileType = file.storyboard; name = Base; path = Base.lproj/Main.storyboard; sourceTree = "<group>"; };
		E437A0231CC2C5F700ECA328 /* Assets.xcassets */ = {isa = PBXFileReference; lastKnownFileType = folder.assetcatalog; path = Assets.xcassets; sourceTree = "<group>"; };
		E437A0261CC2C5F700ECA328 /* Base */ = {isa = PBXFileReference; lastKnownFileType = file.storyboard; name = Base; path = Base.lproj/LaunchScreen.storyboard; sourceTree = "<group>"; };
		E437A0281CC2C5F700ECA328 /* Info.plist */ = {isa = PBXFileReference; lastKnownFileType = text.plist.xml; path = Info.plist; sourceTree = "<group>"; };
		E437A02D1CC2C5F700ECA328 /* Menlo Hacks 2016Tests.xctest */ = {isa = PBXFileReference; explicitFileType = wrapper.cfbundle; includeInIndex = 0; path = "Menlo Hacks 2016Tests.xctest"; sourceTree = BUILT_PRODUCTS_DIR; };
		E437A0311CC2C5F700ECA328 /* Menlo_Hacks_2016Tests.swift */ = {isa = PBXFileReference; lastKnownFileType = sourcecode.swift; path = Menlo_Hacks_2016Tests.swift; sourceTree = "<group>"; };
		E437A0331CC2C5F700ECA328 /* Info.plist */ = {isa = PBXFileReference; lastKnownFileType = text.plist.xml; path = Info.plist; sourceTree = "<group>"; };
		E437A0381CC2C5F700ECA328 /* Menlo Hacks 2016UITests.xctest */ = {isa = PBXFileReference; explicitFileType = wrapper.cfbundle; includeInIndex = 0; path = "Menlo Hacks 2016UITests.xctest"; sourceTree = BUILT_PRODUCTS_DIR; };
		E437A03C1CC2C5F700ECA328 /* Menlo_Hacks_2016UITests.swift */ = {isa = PBXFileReference; lastKnownFileType = sourcecode.swift; path = Menlo_Hacks_2016UITests.swift; sourceTree = "<group>"; };
		E437A03E1CC2C5F700ECA328 /* Info.plist */ = {isa = PBXFileReference; lastKnownFileType = text.plist.xml; path = Info.plist; sourceTree = "<group>"; };
/* End PBXFileReference section */

/* Begin PBXFrameworksBuildPhase section */
		E437A0161CC2C5F700ECA328 /* Frameworks */ = {
			isa = PBXFrameworksBuildPhase;
			buildActionMask = 2147483647;
			files = (
			);
			runOnlyForDeploymentPostprocessing = 0;
		};
		E437A02A1CC2C5F700ECA328 /* Frameworks */ = {
			isa = PBXFrameworksBuildPhase;
			buildActionMask = 2147483647;
			files = (
			);
			runOnlyForDeploymentPostprocessing = 0;
		};
		E437A0351CC2C5F700ECA328 /* Frameworks */ = {
			isa = PBXFrameworksBuildPhase;
			buildActionMask = 2147483647;
			files = (
			);
			runOnlyForDeploymentPostprocessing = 0;
		};
/* End PBXFrameworksBuildPhase section */

/* Begin PBXGroup section */
		E437A0101CC2C5F700ECA328 = {
			isa = PBXGroup;
			children = (
				E437A01B1CC2C5F700ECA328 /* Menlo Hacks 2016 */,
				E437A0301CC2C5F700ECA328 /* Menlo Hacks 2016Tests */,
				E437A03B1CC2C5F700ECA328 /* Menlo Hacks 2016UITests */,
				E437A01A1CC2C5F700ECA328 /* Products */,
			);
			sourceTree = "<group>";
		};
		E437A01A1CC2C5F700ECA328 /* Products */ = {
			isa = PBXGroup;
			children = (
				E437A0191CC2C5F700ECA328 /* Menlo Hacks 2016.app */,
				E437A02D1CC2C5F700ECA328 /* Menlo Hacks 2016Tests.xctest */,
				E437A0381CC2C5F700ECA328 /* Menlo Hacks 2016UITests.xctest */,
			);
			name = Products;
			sourceTree = "<group>";
		};
		E437A01B1CC2C5F700ECA328 /* Menlo Hacks 2016 */ = {
			isa = PBXGroup;
			children = (
				E437A01C1CC2C5F700ECA328 /* AppDelegate.swift */,
				E437A01E1CC2C5F700ECA328 /* ViewController.swift */,
				E437A0201CC2C5F700ECA328 /* Main.storyboard */,
				E437A0231CC2C5F700ECA328 /* Assets.xcassets */,
				E437A0251CC2C5F700ECA328 /* LaunchScreen.storyboard */,
				E437A0281CC2C5F700ECA328 /* Info.plist */,
			);
			path = "Menlo Hacks 2016";
			sourceTree = "<group>";
		};
		E437A0301CC2C5F700ECA328 /* Menlo Hacks 2016Tests */ = {
			isa = PBXGroup;
			children = (
				E437A0311CC2C5F700ECA328 /* Menlo_Hacks_2016Tests.swift */,
				E437A0331CC2C5F700ECA328 /* Info.plist */,
			);
			path = "Menlo Hacks 2016Tests";
			sourceTree = "<group>";
		};
		E437A03B1CC2C5F700ECA328 /* Menlo Hacks 2016UITests */ = {
			isa = PBXGroup;
			children = (
				E437A03C1CC2C5F700ECA328 /* Menlo_Hacks_2016UITests.swift */,
				E437A03E1CC2C5F700ECA328 /* Info.plist */,
			);
			path = "Menlo Hacks 2016UITests";
			sourceTree = "<group>";
		};
/* End PBXGroup section */

/* Begin PBXNativeTarget section */
		E437A0181CC2C5F700ECA328 /* Menlo Hacks 2016 */ = {
			isa = PBXNativeTarget;
			buildConfigurationList = E437A0411CC2C5F700ECA328 /* Build configuration list for PBXNativeTarget "Menlo Hacks 2016" */;
			buildPhases = (
				E437A0151CC2C5F700ECA328 /* Sources */,
				E437A0161CC2C5F700ECA328 /* Frameworks */,
				E437A0171CC2C5F700ECA328 /* Resources */,
			);
			buildRules = (
			);
			dependencies = (
			);
			name = "Menlo Hacks 2016";
			productName = "Menlo Hacks 2016";
			productReference = E437A0191CC2C5F700ECA328 /* Menlo Hacks 2016.app */;
			productType = "com.apple.product-type.application";
		};
		E437A02C1CC2C5F700ECA328 /* Menlo Hacks 2016Tests */ = {
			isa = PBXNativeTarget;
			buildConfigurationList = E437A0441CC2C5F700ECA328 /* Build configuration list for PBXNativeTarget "Menlo Hacks 2016Tests" */;
			buildPhases = (
				E437A0291CC2C5F700ECA328 /* Sources */,
				E437A02A1CC2C5F700ECA328 /* Frameworks */,
				E437A02B1CC2C5F700ECA328 /* Resources */,
			);
			buildRules = (
			);
			dependencies = (
				E437A02F1CC2C5F700ECA328 /* PBXTargetDependency */,
			);
			name = "Menlo Hacks 2016Tests";
			productName = "Menlo Hacks 2016Tests";
			productReference = E437A02D1CC2C5F700ECA328 /* Menlo Hacks 2016Tests.xctest */;
			productType = "com.apple.product-type.bundle.unit-test";
		};
		E437A0371CC2C5F700ECA328 /* Menlo Hacks 2016UITests */ = {
			isa = PBXNativeTarget;
			buildConfigurationList = E437A0471CC2C5F700ECA328 /* Build configuration list for PBXNativeTarget "Menlo Hacks 2016UITests" */;
			buildPhases = (
				E437A0341CC2C5F700ECA328 /* Sources */,
				E437A0351CC2C5F700ECA328 /* Frameworks */,
				E437A0361CC2C5F700ECA328 /* Resources */,
			);
			buildRules = (
			);
			dependencies = (
				E437A03A1CC2C5F700ECA328 /* PBXTargetDependency */,
			);
			name = "Menlo Hacks 2016UITests";
			productName = "Menlo Hacks 2016UITests";
			productReference = E437A0381CC2C5F700ECA328 /* Menlo Hacks 2016UITests.xctest */;
			productType = "com.apple.product-type.bundle.ui-testing";
		};
/* End PBXNativeTarget section */

/* Begin PBXProject section */
		E437A0111CC2C5F700ECA328 /* Project object */ = {
			isa = PBXProject;
			attributes = {
				LastSwiftUpdateCheck = 0720;
				LastUpgradeCheck = 0720;
				ORGANIZATIONNAME = dhruv.mangtani;
				TargetAttributes = {
					E437A0181CC2C5F700ECA328 = {
						CreatedOnToolsVersion = 7.2;
					};
					E437A02C1CC2C5F700ECA328 = {
						CreatedOnToolsVersion = 7.2;
						TestTargetID = E437A0181CC2C5F700ECA328;
					};
					E437A0371CC2C5F700ECA328 = {
						CreatedOnToolsVersion = 7.2;
						TestTargetID = E437A0181CC2C5F700ECA328;
					};
				};
			};
			buildConfigurationList = E437A0141CC2C5F700ECA328 /* Build configuration list for PBXProject "Menlo Hacks 2016" */;
			compatibilityVersion = "Xcode 3.2";
			developmentRegion = English;
			hasScannedForEncodings = 0;
			knownRegions = (
				en,
				Base,
			);
			mainGroup = E437A0101CC2C5F700ECA328;
			productRefGroup = E437A01A1CC2C5F700ECA328 /* Products */;
			projectDirPath = "";
			projectRoot = "";
			targets = (
				E437A0181CC2C5F700ECA328 /* Menlo Hacks 2016 */,
				E437A02C1CC2C5F700ECA328 /* Menlo Hacks 2016Tests */,
				E437A0371CC2C5F700ECA328 /* Menlo Hacks 2016UITests */,
			);
		};
/* End PBXProject section */

/* Begin PBXResourcesBuildPhase section */
		E437A0171CC2C5F700ECA328 /* Resources */ = {
			isa = PBXResourcesBuildPhase;
			buildActionMask = 2147483647;
			files = (
				E437A0271CC2C5F700ECA328 /* LaunchScreen.storyboard in Resources */,
				E437A0241CC2C5F700ECA328 /* Assets.xcassets in Resources */,
				E437A0221CC2C5F700ECA328 /* Main.storyboard in Resources */,
			);
			runOnlyForDeploymentPostprocessing = 0;
		};
		E437A02B1CC2C5F700ECA328 /* Resources */ = {
			isa = PBXResourcesBuildPhase;
			buildActionMask = 2147483647;
			files = (
			);
			runOnlyForDeploymentPostprocessing = 0;
		};
		E437A0361CC2C5F700ECA328 /* Resources */ = {
			isa = PBXResourcesBuildPhase;
			buildActionMask = 2147483647;
			files = (
			);
			runOnlyForDeploymentPostprocessing = 0;
		};
/* End PBXResourcesBuildPhase section */

/* Begin PBXSourcesBuildPhase section */
		E437A0151CC2C5F700ECA328 /* Sources */ = {
			isa = PBXSourcesBuildPhase;
			buildActionMask = 2147483647;
			files = (
				E437A01F1CC2C5F700ECA328 /* ViewController.swift in Sources */,
				E437A01D1CC2C5F700ECA328 /* AppDelegate.swift in Sources */,
			);
			runOnlyForDeploymentPostprocessing = 0;
		};
		E437A0291CC2C5F700ECA328 /* Sources */ = {
			isa = PBXSourcesBuildPhase;
			buildActionMask = 2147483647;
			files = (
				E437A0321CC2C5F700ECA328 /* Menlo_Hacks_2016Tests.swift in Sources */,
			);
			runOnlyForDeploymentPostprocessing = 0;
		};
		E437A0341CC2C5F700ECA328 /* Sources */ = {
			isa = PBXSourcesBuildPhase;
			buildActionMask = 2147483647;
			files = (
				E437A03D1CC2C5F700ECA328 /* Menlo_Hacks_2016UITests.swift in Sources */,
			);
			runOnlyForDeploymentPostprocessing = 0;
		};
/* End PBXSourcesBuildPhase section */

/* Begin PBXTargetDependency section */
		E437A02F1CC2C5F700ECA328 /* PBXTargetDependency */ = {
			isa = PBXTargetDependency;
			target = E437A0181CC2C5F700ECA328 /* Menlo Hacks 2016 */;
			targetProxy = E437A02E1CC2C5F700ECA328 /* PBXContainerItemProxy */;
		};
		E437A03A1CC2C5F700ECA328 /* PBXTargetDependency */ = {
			isa = PBXTargetDependency;
			target = E437A0181CC2C5F700ECA328 /* Menlo Hacks 2016 */;
			targetProxy = E437A0391CC2C5F700ECA328 /* PBXContainerItemProxy */;
		};
/* End PBXTargetDependency section */

/* Begin PBXVariantGroup section */
		E437A0201CC2C5F700ECA328 /* Main.storyboard */ = {
			isa = PBXVariantGroup;
			children = (
				E437A0211CC2C5F700ECA328 /* Base */,
			);
			name = Main.storyboard;
			sourceTree = "<group>";
		};
		E437A0251CC2C5F700ECA328 /* LaunchScreen.storyboard */ = {
			isa = PBXVariantGroup;
			children = (
				E437A0261CC2C5F700ECA328 /* Base */,
			);
			name = LaunchScreen.storyboard;
			sourceTree = "<group>";
		};
/* End PBXVariantGroup section */

/* Begin XCBuildConfiguration section */
		E437A03F1CC2C5F700ECA328 /* Debug */ = {
			isa = XCBuildConfiguration;
			buildSettings = {
				ALWAYS_SEARCH_USER_PATHS = NO;
				CLANG_CXX_LANGUAGE_STANDARD = "gnu++0x";
				CLANG_CXX_LIBRARY = "libc++";
				CLANG_ENABLE_MODULES = YES;
				CLANG_ENABLE_OBJC_ARC = YES;
				CLANG_WARN_BOOL_CONVERSION = YES;
				CLANG_WARN_CONSTANT_CONVERSION = YES;
				CLANG_WARN_DIRECT_OBJC_ISA_USAGE = YES_ERROR;
				CLANG_WARN_EMPTY_BODY = YES;
				CLANG_WARN_ENUM_CONVERSION = YES;
				CLANG_WARN_INT_CONVERSION = YES;
				CLANG_WARN_OBJC_ROOT_CLASS = YES_ERROR;
				CLANG_WARN_UNREACHABLE_CODE = YES;
				CLANG_WARN__DUPLICATE_METHOD_MATCH = YES;
				"CODE_SIGN_IDENTITY[sdk=iphoneos*]" = "iPhone Developer";
				COPY_PHASE_STRIP = NO;
				DEBUG_INFORMATION_FORMAT = dwarf;
				ENABLE_STRICT_OBJC_MSGSEND = YES;
				ENABLE_TESTABILITY = YES;
				GCC_C_LANGUAGE_STANDARD = gnu99;
				GCC_DYNAMIC_NO_PIC = NO;
				GCC_NO_COMMON_BLOCKS = YES;
				GCC_OPTIMIZATION_LEVEL = 0;
				GCC_PREPROCESSOR_DEFINITIONS = (
					"DEBUG=1",
					"$(inherited)",
				);
				GCC_WARN_64_TO_32_BIT_CONVERSION = YES;
				GCC_WARN_ABOUT_RETURN_TYPE = YES_ERROR;
				GCC_WARN_UNDECLARED_SELECTOR = YES;
				GCC_WARN_UNINITIALIZED_AUTOS = YES_AGGRESSIVE;
				GCC_WARN_UNUSED_FUNCTION = YES;
				GCC_WARN_UNUSED_VARIABLE = YES;
				IPHONEOS_DEPLOYMENT_TARGET = 9.2;
				MTL_ENABLE_DEBUG_INFO = YES;
				ONLY_ACTIVE_ARCH = YES;
				SDKROOT = iphoneos;
				SWIFT_OPTIMIZATION_LEVEL = "-Onone";
				TARGETED_DEVICE_FAMILY = "1,2";
			};
			name = Debug;
		};
		E437A0401CC2C5F700ECA328 /* Release */ = {
			isa = XCBuildConfiguration;
			buildSettings = {
				ALWAYS_SEARCH_USER_PATHS = NO;
				CLANG_CXX_LANGUAGE_STANDARD = "gnu++0x";
				CLANG_CXX_LIBRARY = "libc++";
				CLANG_ENABLE_MODULES = YES;
				CLANG_ENABLE_OBJC_ARC = YES;
				CLANG_WARN_BOOL_CONVERSION = YES;
				CLANG_WARN_CONSTANT_CONVERSION = YES;
				CLANG_WARN_DIRECT_OBJC_ISA_USAGE = YES_ERROR;
				CLANG_WARN_EMPTY_BODY = YES;
				CLANG_WARN_ENUM_CONVERSION = YES;
				CLANG_WARN_INT_CONVERSION = YES;
				CLANG_WARN_OBJC_ROOT_CLASS = YES_ERROR;
				CLANG_WARN_UNREACHABLE_CODE = YES;
				CLANG_WARN__DUPLICATE_METHOD_MATCH = YES;
				"CODE_SIGN_IDENTITY[sdk=iphoneos*]" = "iPhone Developer";
				COPY_PHASE_STRIP = NO;
				DEBUG_INFORMATION_FORMAT = "dwarf-with-dsym";
				ENABLE_NS_ASSERTIONS = NO;
				ENABLE_STRICT_OBJC_MSGSEND = YES;
				GCC_C_LANGUAGE_STANDARD = gnu99;
				GCC_NO_COMMON_BLOCKS = YES;
				GCC_WARN_64_TO_32_BIT_CONVERSION = YES;
				GCC_WARN_ABOUT_RETURN_TYPE = YES_ERROR;
				GCC_WARN_UNDECLARED_SELECTOR = YES;
				GCC_WARN_UNINITIALIZED_AUTOS = YES_AGGRESSIVE;
				GCC_WARN_UNUSED_FUNCTION = YES;
				GCC_WARN_UNUSED_VARIABLE = YES;
				IPHONEOS_DEPLOYMENT_TARGET = 9.2;
				MTL_ENABLE_DEBUG_INFO = NO;
				SDKROOT = iphoneos;
				TARGETED_DEVICE_FAMILY = "1,2";
				VALIDATE_PRODUCT = YES;
			};
			name = Release;
		};
		E437A0421CC2C5F700ECA328 /* Debug */ = {
			isa = XCBuildConfiguration;
			buildSettings = {
				ASSETCATALOG_COMPILER_APPICON_NAME = AppIcon;
				INFOPLIST_FILE = "Menlo Hacks 2016/Info.plist";
				LD_RUNPATH_SEARCH_PATHS = "$(inherited) @executable_path/Frameworks";
				PRODUCT_BUNDLE_IDENTIFIER = "com.dhruv.Menlo-Hacks-2016";
				PRODUCT_NAME = "$(TARGET_NAME)";
			};
			name = Debug;
		};
		E437A0431CC2C5F700ECA328 /* Release */ = {
			isa = XCBuildConfiguration;
			buildSettings = {
				ASSETCATALOG_COMPILER_APPICON_NAME = AppIcon;
				INFOPLIST_FILE = "Menlo Hacks 2016/Info.plist";
				LD_RUNPATH_SEARCH_PATHS = "$(inherited) @executable_path/Frameworks";
				PRODUCT_BUNDLE_IDENTIFIER = "com.dhruv.Menlo-Hacks-2016";
				PRODUCT_NAME = "$(TARGET_NAME)";
			};
			name = Release;
		};
		E437A0451CC2C5F700ECA328 /* Debug */ = {
			isa = XCBuildConfiguration;
			buildSettings = {
				BUNDLE_LOADER = "$(TEST_HOST)";
				INFOPLIST_FILE = "Menlo Hacks 2016Tests/Info.plist";
				LD_RUNPATH_SEARCH_PATHS = "$(inherited) @executable_path/Frameworks @loader_path/Frameworks";
				PRODUCT_BUNDLE_IDENTIFIER = "com.dhruv.Menlo-Hacks-2016Tests";
				PRODUCT_NAME = "$(TARGET_NAME)";
				TEST_HOST = "$(BUILT_PRODUCTS_DIR)/Menlo Hacks 2016.app/Menlo Hacks 2016";
			};
			name = Debug;
		};
		E437A0461CC2C5F700ECA328 /* Release */ = {
			isa = XCBuildConfiguration;
			buildSettings = {
				BUNDLE_LOADER = "$(TEST_HOST)";
				INFOPLIST_FILE = "Menlo Hacks 2016Tests/Info.plist";
				LD_RUNPATH_SEARCH_PATHS = "$(inherited) @executable_path/Frameworks @loader_path/Frameworks";
				PRODUCT_BUNDLE_IDENTIFIER = "com.dhruv.Menlo-Hacks-2016Tests";
				PRODUCT_NAME = "$(TARGET_NAME)";
				TEST_HOST = "$(BUILT_PRODUCTS_DIR)/Menlo Hacks 2016.app/Menlo Hacks 2016";
			};
			name = Release;
		};
		E437A0481CC2C5F700ECA328 /* Debug */ = {
			isa = XCBuildConfiguration;
			buildSettings = {
				INFOPLIST_FILE = "Menlo Hacks 2016UITests/Info.plist";
				LD_RUNPATH_SEARCH_PATHS = "$(inherited) @executable_path/Frameworks @loader_path/Frameworks";
				PRODUCT_BUNDLE_IDENTIFIER = "com.dhruv.Menlo-Hacks-2016UITests";
				PRODUCT_NAME = "$(TARGET_NAME)";
				TEST_TARGET_NAME = "Menlo Hacks 2016";
				USES_XCTRUNNER = YES;
			};
			name = Debug;
		};
		E437A0491CC2C5F700ECA328 /* Release */ = {
			isa = XCBuildConfiguration;
			buildSettings = {
				INFOPLIST_FILE = "Menlo Hacks 2016UITests/Info.plist";
				LD_RUNPATH_SEARCH_PATHS = "$(inherited) @executable_path/Frameworks @loader_path/Frameworks";
				PRODUCT_BUNDLE_IDENTIFIER = "com.dhruv.Menlo-Hacks-2016UITests";
				PRODUCT_NAME = "$(TARGET_NAME)";
				TEST_TARGET_NAME = "Menlo Hacks 2016";
				USES_XCTRUNNER = YES;
			};
			name = Release;
		};
/* End XCBuildConfiguration section */

/* Begin XCConfigurationList section */
		E437A0141CC2C5F700ECA328 /* Build configuration list for PBXProject "Menlo Hacks 2016" */ = {
			isa = XCConfigurationList;
			buildConfigurations = (
				E437A03F1CC2C5F700ECA328 /* Debug */,
				E437A0401CC2C5F700ECA328 /* Release */,
			);
			defaultConfigurationIsVisible = 0;
			defaultConfigurationName = Release;
		};
		E437A0411CC2C5F700ECA328 /* Build configuration list for PBXNativeTarget "Menlo Hacks 2016" */ = {
			isa = XCConfigurationList;
			buildConfigurations = (
				E437A0421CC2C5F700ECA328 /* Debug */,
				E437A0431CC2C5F700ECA328 /* Release */,
			);
			defaultConfigurationIsVisible = 0;
		};
		E437A0441CC2C5F700ECA328 /* Build configuration list for PBXNativeTarget "Menlo Hacks 2016Tests" */ = {
			isa = XCConfigurationList;
			buildConfigurations = (
				E437A0451CC2C5F700ECA328 /* Debug */,
				E437A0461CC2C5F700ECA328 /* Release */,
			);
			defaultConfigurationIsVisible = 0;
		};
		E437A0471CC2C5F700ECA328 /* Build configuration list for PBXNativeTarget "Menlo Hacks 2016UITests" */ = {
			isa = XCConfigurationList;
			buildConfigurations = (
				E437A0481CC2C5F700ECA328 /* Debug */,
				E437A0491CC2C5F700ECA328 /* Release */,
			);
			defaultConfigurationIsVisible = 0;
		};
/* End XCConfigurationList section */
	};
	rootObject = E437A0111CC2C5F700ECA328 /* Project object */;
}
